
Microsoft Visual Studio Solution File, Format Version 12.00
# Visual Studio Version 17
VisualStudioVersion = 17.13.35806.99 d17.13
MinimumVisualStudioVersion = 10.0.40219.1
Project("{FAE04EC0-301F-11D3-BF4B-00C04F79EFBC}") = "QuanAnNhat", "QuanAnNhat.csproj", "{3AF6F392-BADC-44E6-BB8C-16248610403E}"
EndProject
Global
	GlobalSection(SolutionConfigurationPlatforms) = preSolution
		Debug|Any CPU = Debug|Any CPU
		Release|Any CPU = Release|Any CPU
	EndGlobalSection
	GlobalSection(ProjectConfigurationPlatforms) = postSolution
		{3AF6F392-BADC-44E6-BB8C-16248610403E}.Debug|Any CPU.ActiveCfg = Debug|Any CPU
		{3AF6F392-BADC-44E6-BB8C-16248610403E}.Debug|Any CPU.Build.0 = Debug|Any CPU
		{3AF6F392-BADC-44E6-BB8C-16248610403E}.Release|Any CPU.ActiveCfg = Release|Any CPU
		{3AF6F392-BADC-44E6-BB8C-16248610403E}.Release|Any CPU.Build.0 = Release|Any CPU
	EndGlobalSection
	GlobalSection(SolutionProperties) = preSolution
		HideSolutionNode = FALSE
	EndGlobalSection
	GlobalSection(ExtensibilityGlobals) = postSolution
		SolutionGuid = {E2000AD4-DFB9-4FC4-8C3E-CA5BB88CEA8F}
	EndGlobalSection
EndGlobal
